{
  "version": 4,
  "terraform_version": "1.0.5",
  "serial": 11,
  "lineage": "6894fe48-c961-8eca-e348-807e9f0d818e",
  "outputs": {
    "HW_SG_az": {
      "value": "us-east-1b",
      "type": "string"
    },
    "HW_SG_ip": {
      "value": "10.98.71.115",
      "type": "string"
    },
    "My_VPC_name": {
      "value": "arn:aws:ec2:us-east-1:264464510695:vpc/vpc-001c158c3b16f1459",
      "type": "string"
    },
    "My_VPCs": {
      "value": [
        "vpc-001c158c3b16f1459"
      ],
      "type": [
        "set",
        "string"
      ]
    },
    "subnets": {
      "value": [
        "subnet-0023da4eaf9440bac",
        "subnet-04feebc8c23926bca"
      ],
      "type": [
        "set",
        "string"
      ]
    }
  },
  "resources": [
    {
      "mode": "data",
      "type": "aws_subnet_ids",
      "name": "subnets",
      "provider": "provider[\"registry.terraform.io/hashicorp/aws\"]",
      "instances": [
        {
          "schema_version": 0,
          "attributes": {
            "filter": null,
            "id": "vpc-001c158c3b16f1459",
            "ids": [
              "subnet-0023da4eaf9440bac",
              "subnet-04feebc8c23926bca"
            ],
            "tags": null,
            "vpc_id": "vpc-001c158c3b16f1459"
          },
          "sensitive_attributes": []
        }
      ]
    },
    {
      "mode": "data",
      "type": "aws_vpc",
      "name": "my_vpc",
      "provider": "provider[\"registry.terraform.io/hashicorp/aws\"]",
      "instances": [
        {
          "schema_version": 0,
          "attributes": {
            "arn": "arn:aws:ec2:us-east-1:264464510695:vpc/vpc-001c158c3b16f1459",
            "cidr_block": "10.98.68.0/22",
            "cidr_block_associations": [
              {
                "association_id": "vpc-cidr-assoc-015b9856a3b5a747c",
                "cidr_block": "10.98.68.0/22",
                "state": "associated"
              }
            ],
            "default": false,
            "dhcp_options_id": "dopt-6972eb13",
            "enable_dns_hostnames": true,
            "enable_dns_support": true,
            "filter": null,
            "id": "vpc-001c158c3b16f1459",
            "instance_tenancy": "default",
            "ipv6_association_id": null,
            "ipv6_cidr_block": null,
            "main_route_table_id": "rtb-00831c2a616d49a24",
            "owner_id": "264464510695",
            "state": "available",
            "tags": {
              "GP": "NC.PROD.DMP_R10",
              "Name": "NC.PROD.DMP_R10"
            }
          },
          "sensitive_attributes": []
        }
      ]
    },
    {
      "mode": "data",
      "type": "aws_vpcs",
      "name": "current",
      "provider": "provider[\"registry.terraform.io/hashicorp/aws\"]",
      "instances": [
        {
          "schema_version": 0,
          "attributes": {
            "filter": null,
            "id": "us-east-1",
            "ids": [
              "vpc-001c158c3b16f1459"
            ],
            "tags": null
          },
          "sensitive_attributes": []
        }
      ]
    },
    {
      "mode": "managed",
      "type": "aws_instance",
      "name": "HW_SG",
      "provider": "provider[\"registry.terraform.io/hashicorp/aws\"]",
      "instances": [
        {
          "schema_version": 1,
          "attributes": {
            "ami": "ami-0c2b8ca1dad447f8a",
            "arn": "arn:aws:ec2:us-east-1:264464510695:instance/i-0d0cc74a6c09b213a",
            "associate_public_ip_address": false,
            "availability_zone": "us-east-1b",
            "capacity_reservation_specification": [
              {
                "capacity_reservation_preference": "open",
                "capacity_reservation_target": []
              }
            ],
            "cpu_core_count": 1,
            "cpu_threads_per_core": 1,
            "credit_specification": [
              {
                "cpu_credits": "standard"
              }
            ],
            "disable_api_termination": false,
            "ebs_block_device": [],
            "ebs_optimized": false,
            "enclave_options": [
              {
                "enabled": false
              }
            ],
            "ephemeral_block_device": [],
            "get_password_data": false,
            "hibernation": false,
            "host_id": null,
            "iam_instance_profile": "",
            "id": "i-0d0cc74a6c09b213a",
            "instance_initiated_shutdown_behavior": "stop",
            "instance_state": "running",
            "instance_type": "t2.micro",
            "ipv6_address_count": 0,
            "ipv6_addresses": [],
            "key_name": "",
            "launch_template": [],
            "metadata_options": [
              {
                "http_endpoint": "enabled",
                "http_put_response_hop_limit": 1,
                "http_tokens": "optional"
              }
            ],
            "monitoring": false,
            "network_interface": [],
            "outpost_arn": "",
            "password_data": "",
            "placement_group": "",
            "primary_network_interface_id": "eni-0cfb673d73d02c28a",
            "private_dns": "ip-10-98-71-115.ec2.internal",
            "private_ip": "10.98.71.115",
            "public_dns": "",
            "public_ip": "",
            "root_block_device": [
              {
                "delete_on_termination": true,
                "device_name": "/dev/xvda",
                "encrypted": false,
                "iops": 100,
                "kms_key_id": "",
                "tags": {},
                "throughput": 0,
                "volume_id": "vol-0d54bce8c0a3b9497",
                "volume_size": 8,
                "volume_type": "gp2"
              }
            ],
            "secondary_private_ips": [],
            "security_groups": [],
            "source_dest_check": true,
            "subnet_id": "subnet-0023da4eaf9440bac",
            "tags": {
              "Name": "HW_SG"
            },
            "tags_all": {
              "Name": "HW_SG"
            },
            "tenancy": "default",
            "timeouts": null,
            "user_data": null,
            "user_data_base64": null,
            "volume_tags": null,
            "vpc_security_group_ids": [
              "sg-0f2a2b6d628041dea"
            ]
          },
          "sensitive_attributes": [],
          "private": "eyJlMmJmYjczMC1lY2FhLTExZTYtOGY4OC0zNDM2M2JjN2M0YzAiOnsiY3JlYXRlIjo2MDAwMDAwMDAwMDAsImRlbGV0ZSI6MTIwMDAwMDAwMDAwMCwidXBkYXRlIjo2MDAwMDAwMDAwMDB9LCJzY2hlbWFfdmVyc2lvbiI6IjEifQ==",
          "dependencies": [
            "data.aws_subnet_ids.subnets"
          ]
        }
      ]
    }
  ]
}
